// !$*UTF8*$!
{
	archiveVersion = 1;
	classes = {
	};
	objectVersion = 56;
	objects = {

/* Begin PBXBuildFile section */
		B52938DA2B67EF31001FA9CB /* Course.swift in Sources */ = {isa = PBXBuildFile; fileRef = B52938D92B67EF31001FA9CB /* Course.swift */; };
		B52938DC2B67EF47001FA9CB /* TreeItem.swift in Sources */ = {isa = PBXBuildFile; fileRef = B52938DB2B67EF47001FA9CB /* TreeItem.swift */; };
		B52938DE2B6A3F4E001FA9CB /* FileParser.swift in Sources */ = {isa = PBXBuildFile; fileRef = B52938DD2B6A3F4E001FA9CB /* FileParser.swift */; };
		B52938E02B6A40B0001FA9CB /* DecksOrderer.swift in Sources */ = {isa = PBXBuildFile; fileRef = B52938DF2B6A40B0001FA9CB /* DecksOrderer.swift */; };
		B57CBC492B6539BB00F66607 /* CombineMoya in Frameworks */ = {isa = PBXBuildFile; productRef = B57CBC482B6539BB00F66607 /* CombineMoya */; };
		B57CBC4B2B6539BB00F66607 /* Moya in Frameworks */ = {isa = PBXBuildFile; productRef = B57CBC4A2B6539BB00F66607 /* Moya */; };
		B57CBC4E2B6539F800F66607 /* DecksService.swift in Sources */ = {isa = PBXBuildFile; fileRef = B57CBC4D2B6539F800F66607 /* DecksService.swift */; };
		B57CBC502B6669C600F66607 /* GithubContentService.swift in Sources */ = {isa = PBXBuildFile; fileRef = B57CBC4F2B6669C600F66607 /* GithubContentService.swift */; };
		B57CBC532B66EAF400F66607 /* CoursesView.swift in Sources */ = {isa = PBXBuildFile; fileRef = B57CBC522B66EAF400F66607 /* CoursesView.swift */; };
		B57CBC552B66EB2300F66607 /* CoursesViewModel.swift in Sources */ = {isa = PBXBuildFile; fileRef = B57CBC542B66EB2300F66607 /* CoursesViewModel.swift */; };
		B57CBC572B678C2000F66607 /* CoursesProvider.swift in Sources */ = {isa = PBXBuildFile; fileRef = B57CBC562B678C2000F66607 /* CoursesProvider.swift */; };
		B57CBC592B6790D300F66607 /* Lines+Dictionary.swift in Sources */ = {isa = PBXBuildFile; fileRef = B57CBC582B6790D300F66607 /* Lines+Dictionary.swift */; };
		B5A9A24C2B5720B60015A98B /* DeckRepetitionsRepositoryProtocol.swift in Sources */ = {isa = PBXBuildFile; fileRef = B5A9A24B2B5720B60015A98B /* DeckRepetitionsRepositoryProtocol.swift */; };
		B5A9A24E2B5721D50015A98B /* DecksListView.swift in Sources */ = {isa = PBXBuildFile; fileRef = B5A9A24D2B5721D50015A98B /* DecksListView.swift */; };
		B5A9A2512B57223B0015A98B /* DecksListViewModel.swift in Sources */ = {isa = PBXBuildFile; fileRef = B5A9A2502B57223B0015A98B /* DecksListViewModel.swift */; };
		B5A9A2532B5724390015A98B /* Card.swift in Sources */ = {isa = PBXBuildFile; fileRef = B5A9A2522B5724390015A98B /* Card.swift */; };
		B5A9A2552B5727B20015A98B /* Deck.swift in Sources */ = {isa = PBXBuildFile; fileRef = B5A9A2542B5727B20015A98B /* Deck.swift */; };
		B5A9A2572B572CDE0015A98B /* HomeView.swift in Sources */ = {isa = PBXBuildFile; fileRef = B5A9A2562B572CDE0015A98B /* HomeView.swift */; };
		B5A9A25D2B59B5C60015A98B /* Theme.swift in Sources */ = {isa = PBXBuildFile; fileRef = B5A9A25C2B59B5C60015A98B /* Theme.swift */; };
		B5A9A2632B59C2BA0015A98B /* Manrope-VariableFont_wght.ttf in Resources */ = {isa = PBXBuildFile; fileRef = B5A9A2622B59C2BA0015A98B /* Manrope-VariableFont_wght.ttf */; };
		B5A9A2662B5A6C250015A98B /* PieChartProgressView.swift in Sources */ = {isa = PBXBuildFile; fileRef = B5A9A2652B5A6C250015A98B /* PieChartProgressView.swift */; };
		B5A9A2682B5AA0970015A98B /* DeckWithRepetitions.swift in Sources */ = {isa = PBXBuildFile; fileRef = B5A9A2672B5AA0970015A98B /* DeckWithRepetitions.swift */; };
		B5A9A26A2B5AA69E0015A98B /* DeckInfo.swift in Sources */ = {isa = PBXBuildFile; fileRef = B5A9A2692B5AA69E0015A98B /* DeckInfo.swift */; };
		B5A9A26C2B5C15850015A98B /* RepetitionsProvider.swift in Sources */ = {isa = PBXBuildFile; fileRef = B5A9A26B2B5C15840015A98B /* RepetitionsProvider.swift */; };
		B5A9A26F2B5C1A030015A98B /* RepetitionsProviderMock.swift in Sources */ = {isa = PBXBuildFile; fileRef = B5A9A26E2B5C1A030015A98B /* RepetitionsProviderMock.swift */; };
		B5A9A2712B5C277A0015A98B /* FilesHelper.swift in Sources */ = {isa = PBXBuildFile; fileRef = B5A9A2702B5C277A0015A98B /* FilesHelper.swift */; };
		B5A9A2732B5C40C20015A98B /* Dependecies.swift in Sources */ = {isa = PBXBuildFile; fileRef = B5A9A2722B5C40C20015A98B /* Dependecies.swift */; };
		B5A9A2762B5D30D90015A98B /* DeckPreviewView.swift in Sources */ = {isa = PBXBuildFile; fileRef = B5A9A2752B5D30D90015A98B /* DeckPreviewView.swift */; };
		B5A9A2792B5D30F00015A98B /* DeckPreviewData.swift in Sources */ = {isa = PBXBuildFile; fileRef = B5A9A2782B5D30F00015A98B /* DeckPreviewData.swift */; };
		B5BAAA5A2B60FBE700EA802F /* DeckRepetitionsRemoteRepository.swift in Sources */ = {isa = PBXBuildFile; fileRef = B5BAAA592B60FBE700EA802F /* DeckRepetitionsRemoteRepository.swift */; };
		B5BAAA5C2B60FC1C00EA802F /* DeckRepetitionsLocalRepository.swift in Sources */ = {isa = PBXBuildFile; fileRef = B5BAAA5B2B60FC1C00EA802F /* DeckRepetitionsLocalRepository.swift */; };
		B5F1E64D2B44BAD800DB5A64 /* EFacileApp.swift in Sources */ = {isa = PBXBuildFile; fileRef = B5F1E64C2B44BAD800DB5A64 /* EFacileApp.swift */; };
		B5F1E6512B44BADB00DB5A64 /* Assets.xcassets in Resources */ = {isa = PBXBuildFile; fileRef = B5F1E6502B44BADB00DB5A64 /* Assets.xcassets */; };
		B5F1E6542B44BADB00DB5A64 /* Preview Assets.xcassets in Resources */ = {isa = PBXBuildFile; fileRef = B5F1E6532B44BADB00DB5A64 /* Preview Assets.xcassets */; };
		B5F1E65F2B44BADB00DB5A64 /* SentencesTests.swift in Sources */ = {isa = PBXBuildFile; fileRef = B5F1E65E2B44BADB00DB5A64 /* SentencesTests.swift */; };
		B5F1E6692B44BADB00DB5A64 /* SentencesUITests.swift in Sources */ = {isa = PBXBuildFile; fileRef = B5F1E6682B44BADB00DB5A64 /* SentencesUITests.swift */; };
		B5F1E66B2B44BADB00DB5A64 /* SentencesUITestsLaunchTests.swift in Sources */ = {isa = PBXBuildFile; fileRef = B5F1E66A2B44BADB00DB5A64 /* SentencesUITestsLaunchTests.swift */; };
		B5F1E6782B44BBDD00DB5A64 /* Sentences.csv in Resources */ = {isa = PBXBuildFile; fileRef = B5F1E6772B44BBDD00DB5A64 /* Sentences.csv */; };
		B5F1E67B2B44C10F00DB5A64 /* StringMetric in Frameworks */ = {isa = PBXBuildFile; productRef = B5F1E67A2B44C10F00DB5A64 /* StringMetric */; };
		B5F1E67D2B4B053600DB5A64 /* RepetitionsSessionManager.swift in Sources */ = {isa = PBXBuildFile; fileRef = B5F1E67C2B4B053600DB5A64 /* RepetitionsSessionManager.swift */; };
		B5F1E6812B4BE96100DB5A64 /* UIColor+blend.swift in Sources */ = {isa = PBXBuildFile; fileRef = B5F1E6802B4BE96100DB5A64 /* UIColor+blend.swift */; };
		B5F1E6842B4BE9B200DB5A64 /* LearningView.swift in Sources */ = {isa = PBXBuildFile; fileRef = B5F1E6832B4BE9B200DB5A64 /* LearningView.swift */; };
		B5F1E6872B4BEA1F00DB5A64 /* LearningViewModel.swift in Sources */ = {isa = PBXBuildFile; fileRef = B5F1E6862B4BEA1F00DB5A64 /* LearningViewModel.swift */; };
		B5F1E68A2B4BEAAC00DB5A64 /* Sentence.swift in Sources */ = {isa = PBXBuildFile; fileRef = B5F1E6892B4BEAAC00DB5A64 /* Sentence.swift */; };
		B5F1E68C2B4BEAD300DB5A64 /* CardWithRepetitions.swift in Sources */ = {isa = PBXBuildFile; fileRef = B5F1E68B2B4BEAD300DB5A64 /* CardWithRepetitions.swift */; };
		B5F1E6912B4C04B000DB5A64 /* TeacherTests.swift in Sources */ = {isa = PBXBuildFile; fileRef = B5F1E6902B4C04B000DB5A64 /* TeacherTests.swift */; };
		B5F1E6932B4C571C00DB5A64 /* RepetitionDebugView.swift in Sources */ = {isa = PBXBuildFile; fileRef = B5F1E6922B4C571C00DB5A64 /* RepetitionDebugView.swift */; };
/* End PBXBuildFile section */

/* Begin PBXContainerItemProxy section */
		B5F1E65B2B44BADB00DB5A64 /* PBXContainerItemProxy */ = {
			isa = PBXContainerItemProxy;
			containerPortal = B5F1E6412B44BAD800DB5A64 /* Project object */;
			proxyType = 1;
			remoteGlobalIDString = B5F1E6482B44BAD800DB5A64;
			remoteInfo = Sentences;
		};
		B5F1E6652B44BADB00DB5A64 /* PBXContainerItemProxy */ = {
			isa = PBXContainerItemProxy;
			containerPortal = B5F1E6412B44BAD800DB5A64 /* Project object */;
			proxyType = 1;
			remoteGlobalIDString = B5F1E6482B44BAD800DB5A64;
			remoteInfo = Sentences;
		};
/* End PBXContainerItemProxy section */

/* Begin PBXFileReference section */
		B52938D92B67EF31001FA9CB /* Course.swift */ = {isa = PBXFileReference; lastKnownFileType = sourcecode.swift; path = Course.swift; sourceTree = "<group>"; };
		B52938DB2B67EF47001FA9CB /* TreeItem.swift */ = {isa = PBXFileReference; lastKnownFileType = sourcecode.swift; path = TreeItem.swift; sourceTree = "<group>"; };
		B52938DD2B6A3F4E001FA9CB /* FileParser.swift */ = {isa = PBXFileReference; lastKnownFileType = sourcecode.swift; path = FileParser.swift; sourceTree = "<group>"; };
		B52938DF2B6A40B0001FA9CB /* DecksOrderer.swift */ = {isa = PBXFileReference; lastKnownFileType = sourcecode.swift; path = DecksOrderer.swift; sourceTree = "<group>"; };
		B57CBC4D2B6539F800F66607 /* DecksService.swift */ = {isa = PBXFileReference; lastKnownFileType = sourcecode.swift; path = DecksService.swift; sourceTree = "<group>"; };
		B57CBC4F2B6669C600F66607 /* GithubContentService.swift */ = {isa = PBXFileReference; lastKnownFileType = sourcecode.swift; path = GithubContentService.swift; sourceTree = "<group>"; };
		B57CBC522B66EAF400F66607 /* CoursesView.swift */ = {isa = PBXFileReference; lastKnownFileType = sourcecode.swift; path = CoursesView.swift; sourceTree = "<group>"; };
		B57CBC542B66EB2300F66607 /* CoursesViewModel.swift */ = {isa = PBXFileReference; lastKnownFileType = sourcecode.swift; path = CoursesViewModel.swift; sourceTree = "<group>"; };
		B57CBC562B678C2000F66607 /* CoursesProvider.swift */ = {isa = PBXFileReference; lastKnownFileType = sourcecode.swift; path = CoursesProvider.swift; sourceTree = "<group>"; };
		B57CBC582B6790D300F66607 /* Lines+Dictionary.swift */ = {isa = PBXFileReference; lastKnownFileType = sourcecode.swift; path = "Lines+Dictionary.swift"; sourceTree = "<group>"; };
		B5A9A24B2B5720B60015A98B /* DeckRepetitionsRepositoryProtocol.swift */ = {isa = PBXFileReference; lastKnownFileType = sourcecode.swift; path = DeckRepetitionsRepositoryProtocol.swift; sourceTree = "<group>"; };
		B5A9A24D2B5721D50015A98B /* DecksListView.swift */ = {isa = PBXFileReference; lastKnownFileType = sourcecode.swift; path = DecksListView.swift; sourceTree = "<group>"; };
		B5A9A2502B57223B0015A98B /* DecksListViewModel.swift */ = {isa = PBXFileReference; lastKnownFileType = sourcecode.swift; path = DecksListViewModel.swift; sourceTree = "<group>"; };
		B5A9A2522B5724390015A98B /* Card.swift */ = {isa = PBXFileReference; lastKnownFileType = sourcecode.swift; path = Card.swift; sourceTree = "<group>"; };
		B5A9A2542B5727B20015A98B /* Deck.swift */ = {isa = PBXFileReference; lastKnownFileType = sourcecode.swift; path = Deck.swift; sourceTree = "<group>"; };
		B5A9A2562B572CDE0015A98B /* HomeView.swift */ = {isa = PBXFileReference; lastKnownFileType = sourcecode.swift; path = HomeView.swift; sourceTree = "<group>"; };
		B5A9A25C2B59B5C60015A98B /* Theme.swift */ = {isa = PBXFileReference; lastKnownFileType = sourcecode.swift; path = Theme.swift; sourceTree = "<group>"; };
		B5A9A2622B59C2BA0015A98B /* Manrope-VariableFont_wght.ttf */ = {isa = PBXFileReference; lastKnownFileType = file; path = "Manrope-VariableFont_wght.ttf"; sourceTree = "<group>"; };
		B5A9A2652B5A6C250015A98B /* PieChartProgressView.swift */ = {isa = PBXFileReference; lastKnownFileType = sourcecode.swift; path = PieChartProgressView.swift; sourceTree = "<group>"; };
		B5A9A2672B5AA0970015A98B /* DeckWithRepetitions.swift */ = {isa = PBXFileReference; lastKnownFileType = sourcecode.swift; path = DeckWithRepetitions.swift; sourceTree = "<group>"; };
		B5A9A2692B5AA69E0015A98B /* DeckInfo.swift */ = {isa = PBXFileReference; lastKnownFileType = sourcecode.swift; path = DeckInfo.swift; sourceTree = "<group>"; };
		B5A9A26B2B5C15840015A98B /* RepetitionsProvider.swift */ = {isa = PBXFileReference; lastKnownFileType = sourcecode.swift; path = RepetitionsProvider.swift; sourceTree = "<group>"; };
		B5A9A26E2B5C1A030015A98B /* RepetitionsProviderMock.swift */ = {isa = PBXFileReference; lastKnownFileType = sourcecode.swift; path = RepetitionsProviderMock.swift; sourceTree = "<group>"; };
		B5A9A2702B5C277A0015A98B /* FilesHelper.swift */ = {isa = PBXFileReference; lastKnownFileType = sourcecode.swift; path = FilesHelper.swift; sourceTree = "<group>"; };
		B5A9A2722B5C40C20015A98B /* Dependecies.swift */ = {isa = PBXFileReference; lastKnownFileType = sourcecode.swift; path = Dependecies.swift; sourceTree = "<group>"; };
		B5A9A2752B5D30D90015A98B /* DeckPreviewView.swift */ = {isa = PBXFileReference; lastKnownFileType = sourcecode.swift; path = DeckPreviewView.swift; sourceTree = "<group>"; };
		B5A9A2782B5D30F00015A98B /* DeckPreviewData.swift */ = {isa = PBXFileReference; lastKnownFileType = sourcecode.swift; path = DeckPreviewData.swift; sourceTree = "<group>"; };
		B5BAAA592B60FBE700EA802F /* DeckRepetitionsRemoteRepository.swift */ = {isa = PBXFileReference; lastKnownFileType = sourcecode.swift; path = DeckRepetitionsRemoteRepository.swift; sourceTree = "<group>"; };
		B5BAAA5B2B60FC1C00EA802F /* DeckRepetitionsLocalRepository.swift */ = {isa = PBXFileReference; lastKnownFileType = sourcecode.swift; path = DeckRepetitionsLocalRepository.swift; sourceTree = "<group>"; };
		B5F1E6492B44BAD800DB5A64 /* eFacile.app */ = {isa = PBXFileReference; explicitFileType = wrapper.application; includeInIndex = 0; path = eFacile.app; sourceTree = BUILT_PRODUCTS_DIR; };
		B5F1E64C2B44BAD800DB5A64 /* EFacileApp.swift */ = {isa = PBXFileReference; lastKnownFileType = sourcecode.swift; path = EFacileApp.swift; sourceTree = "<group>"; };
		B5F1E6502B44BADB00DB5A64 /* Assets.xcassets */ = {isa = PBXFileReference; lastKnownFileType = folder.assetcatalog; path = Assets.xcassets; sourceTree = "<group>"; };
		B5F1E6532B44BADB00DB5A64 /* Preview Assets.xcassets */ = {isa = PBXFileReference; lastKnownFileType = folder.assetcatalog; path = "Preview Assets.xcassets"; sourceTree = "<group>"; };
		B5F1E6552B44BADB00DB5A64 /* EFacile.entitlements */ = {isa = PBXFileReference; lastKnownFileType = text.plist.entitlements; path = EFacile.entitlements; sourceTree = "<group>"; };
		B5F1E65A2B44BADB00DB5A64 /* eFacileTests.xctest */ = {isa = PBXFileReference; explicitFileType = wrapper.cfbundle; includeInIndex = 0; path = eFacileTests.xctest; sourceTree = BUILT_PRODUCTS_DIR; };
		B5F1E65E2B44BADB00DB5A64 /* SentencesTests.swift */ = {isa = PBXFileReference; lastKnownFileType = sourcecode.swift; path = SentencesTests.swift; sourceTree = "<group>"; };
		B5F1E6642B44BADB00DB5A64 /* eFacileUITests.xctest */ = {isa = PBXFileReference; explicitFileType = wrapper.cfbundle; includeInIndex = 0; path = eFacileUITests.xctest; sourceTree = BUILT_PRODUCTS_DIR; };
		B5F1E6682B44BADB00DB5A64 /* SentencesUITests.swift */ = {isa = PBXFileReference; lastKnownFileType = sourcecode.swift; path = SentencesUITests.swift; sourceTree = "<group>"; };
		B5F1E66A2B44BADB00DB5A64 /* SentencesUITestsLaunchTests.swift */ = {isa = PBXFileReference; lastKnownFileType = sourcecode.swift; path = SentencesUITestsLaunchTests.swift; sourceTree = "<group>"; };
		B5F1E6772B44BBDD00DB5A64 /* Sentences.csv */ = {isa = PBXFileReference; lastKnownFileType = text; path = Sentences.csv; sourceTree = "<group>"; };
		B5F1E67C2B4B053600DB5A64 /* RepetitionsSessionManager.swift */ = {isa = PBXFileReference; lastKnownFileType = sourcecode.swift; path = RepetitionsSessionManager.swift; sourceTree = "<group>"; };
		B5F1E67E2B4BE8CB00DB5A64 /* Info.plist */ = {isa = PBXFileReference; lastKnownFileType = text.plist; path = Info.plist; sourceTree = "<group>"; };
		B5F1E6802B4BE96100DB5A64 /* UIColor+blend.swift */ = {isa = PBXFileReference; lastKnownFileType = sourcecode.swift; path = "UIColor+blend.swift"; sourceTree = "<group>"; };
		B5F1E6832B4BE9B200DB5A64 /* LearningView.swift */ = {isa = PBXFileReference; lastKnownFileType = sourcecode.swift; path = LearningView.swift; sourceTree = "<group>"; };
		B5F1E6862B4BEA1F00DB5A64 /* LearningViewModel.swift */ = {isa = PBXFileReference; lastKnownFileType = sourcecode.swift; path = LearningViewModel.swift; sourceTree = "<group>"; };
		B5F1E6892B4BEAAC00DB5A64 /* Sentence.swift */ = {isa = PBXFileReference; lastKnownFileType = sourcecode.swift; path = Sentence.swift; sourceTree = "<group>"; };
		B5F1E68B2B4BEAD300DB5A64 /* CardWithRepetitions.swift */ = {isa = PBXFileReference; lastKnownFileType = sourcecode.swift; path = CardWithRepetitions.swift; sourceTree = "<group>"; };
		B5F1E6902B4C04B000DB5A64 /* TeacherTests.swift */ = {isa = PBXFileReference; lastKnownFileType = sourcecode.swift; path = TeacherTests.swift; sourceTree = "<group>"; };
		B5F1E6922B4C571C00DB5A64 /* RepetitionDebugView.swift */ = {isa = PBXFileReference; lastKnownFileType = sourcecode.swift; path = RepetitionDebugView.swift; sourceTree = "<group>"; };
/* End PBXFileReference section */

/* Begin PBXFrameworksBuildPhase section */
		B5F1E6462B44BAD800DB5A64 /* Frameworks */ = {
			isa = PBXFrameworksBuildPhase;
			buildActionMask = 2147483647;
			files = (
				B57CBC492B6539BB00F66607 /* CombineMoya in Frameworks */,
				B5F1E67B2B44C10F00DB5A64 /* StringMetric in Frameworks */,
				B57CBC4B2B6539BB00F66607 /* Moya in Frameworks */,
			);
			runOnlyForDeploymentPostprocessing = 0;
		};
		B5F1E6572B44BADB00DB5A64 /* Frameworks */ = {
			isa = PBXFrameworksBuildPhase;
			buildActionMask = 2147483647;
			files = (
			);
			runOnlyForDeploymentPostprocessing = 0;
		};
		B5F1E6612B44BADB00DB5A64 /* Frameworks */ = {
			isa = PBXFrameworksBuildPhase;
			buildActionMask = 2147483647;
			files = (
			);
			runOnlyForDeploymentPostprocessing = 0;
		};
/* End PBXFrameworksBuildPhase section */

/* Begin PBXGroup section */
		B57CBC4C2B6539E100F66607 /* Network */ = {
			isa = PBXGroup;
			children = (
				B57CBC4D2B6539F800F66607 /* DecksService.swift */,
				B57CBC4F2B6669C600F66607 /* GithubContentService.swift */,
			);
			path = Network;
			sourceTree = "<group>";
		};
		B57CBC512B66EAD900F66607 /* Courses */ = {
			isa = PBXGroup;
			children = (
				B57CBC522B66EAF400F66607 /* CoursesView.swift */,
				B57CBC542B66EB2300F66607 /* CoursesViewModel.swift */,
			);
			path = Courses;
			sourceTree = "<group>";
		};
		B5A9A24F2B5721E20015A98B /* Decks */ = {
			isa = PBXGroup;
			children = (
				B5A9A24D2B5721D50015A98B /* DecksListView.swift */,
				B5A9A2502B57223B0015A98B /* DecksListViewModel.swift */,
			);
			path = Decks;
			sourceTree = "<group>";
		};
		B5A9A2582B59B46D0015A98B /* Resources */ = {
			isa = PBXGroup;
			children = (
			);
			path = Resources;
			sourceTree = "<group>";
		};
		B5A9A25B2B59B5A20015A98B /* Theme */ = {
			isa = PBXGroup;
			children = (
				B5A9A25C2B59B5C60015A98B /* Theme.swift */,
			);
			path = Theme;
			sourceTree = "<group>";
		};
		B5A9A2642B5A6C100015A98B /* Common */ = {
			isa = PBXGroup;
			children = (
				B5A9A2652B5A6C250015A98B /* PieChartProgressView.swift */,
			);
			path = Common;
			sourceTree = "<group>";
		};
		B5A9A26D2B5C19E90015A98B /* Mocks */ = {
			isa = PBXGroup;
			children = (
				B5A9A26E2B5C1A030015A98B /* RepetitionsProviderMock.swift */,
			);
			path = Mocks;
			sourceTree = "<group>";
		};
		B5A9A2742B5D30AE0015A98B /* DeckPreview */ = {
			isa = PBXGroup;
			children = (
				B5A9A2752B5D30D90015A98B /* DeckPreviewView.swift */,
			);
			path = DeckPreview;
			sourceTree = "<group>";
		};
		B5BAAA582B60FBA700EA802F /* Repos */ = {
			isa = PBXGroup;
			children = (
				B5A9A24B2B5720B60015A98B /* DeckRepetitionsRepositoryProtocol.swift */,
				B5BAAA592B60FBE700EA802F /* DeckRepetitionsRemoteRepository.swift */,
				B5BAAA5B2B60FC1C00EA802F /* DeckRepetitionsLocalRepository.swift */,
				B52938DF2B6A40B0001FA9CB /* DecksOrderer.swift */,
			);
			path = Repos;
			sourceTree = "<group>";
		};
		B5F1E6402B44BAD800DB5A64 = {
			isa = PBXGroup;
			children = (
				B5A9A2622B59C2BA0015A98B /* Manrope-VariableFont_wght.ttf */,
				B5F1E64B2B44BAD800DB5A64 /* eFacile */,
				B5F1E65D2B44BADB00DB5A64 /* eFacileTests */,
				B5F1E6672B44BADB00DB5A64 /* eFacileUITests */,
				B5F1E64A2B44BAD800DB5A64 /* Products */,
			);
			sourceTree = "<group>";
		};
		B5F1E64A2B44BAD800DB5A64 /* Products */ = {
			isa = PBXGroup;
			children = (
				B5F1E6492B44BAD800DB5A64 /* eFacile.app */,
				B5F1E65A2B44BADB00DB5A64 /* eFacileTests.xctest */,
				B5F1E6642B44BADB00DB5A64 /* eFacileUITests.xctest */,
			);
			name = Products;
			sourceTree = "<group>";
		};
		B5F1E64B2B44BAD800DB5A64 /* eFacile */ = {
			isa = PBXGroup;
			children = (
				B57CBC4C2B6539E100F66607 /* Network */,
				B5A9A25B2B59B5A20015A98B /* Theme */,
				B5A9A2582B59B46D0015A98B /* Resources */,
				B5F1E68D2B4BEB0700DB5A64 /* Services */,
				B5F1E6882B4BEAA100DB5A64 /* Model */,
				B5F1E6822B4BE9A300DB5A64 /* Views */,
				B5F1E67F2B4BE91700DB5A64 /* Utils */,
				B5F1E67E2B4BE8CB00DB5A64 /* Info.plist */,
				B5F1E64C2B44BAD800DB5A64 /* EFacileApp.swift */,
				B5F1E6502B44BADB00DB5A64 /* Assets.xcassets */,
				B5F1E6552B44BADB00DB5A64 /* EFacile.entitlements */,
				B5F1E6522B44BADB00DB5A64 /* Preview Content */,
				B5F1E6772B44BBDD00DB5A64 /* Sentences.csv */,
				B5A9A2722B5C40C20015A98B /* Dependecies.swift */,
			);
			path = eFacile;
			sourceTree = "<group>";
		};
		B5F1E6522B44BADB00DB5A64 /* Preview Content */ = {
			isa = PBXGroup;
			children = (
				B5F1E6532B44BADB00DB5A64 /* Preview Assets.xcassets */,
			);
			path = "Preview Content";
			sourceTree = "<group>";
		};
		B5F1E65D2B44BADB00DB5A64 /* eFacileTests */ = {
			isa = PBXGroup;
			children = (
				B5F1E65E2B44BADB00DB5A64 /* SentencesTests.swift */,
				B5F1E6902B4C04B000DB5A64 /* TeacherTests.swift */,
			);
			path = eFacileTests;
			sourceTree = "<group>";
		};
		B5F1E6672B44BADB00DB5A64 /* eFacileUITests */ = {
			isa = PBXGroup;
			children = (
				B5F1E6682B44BADB00DB5A64 /* SentencesUITests.swift */,
				B5F1E66A2B44BADB00DB5A64 /* SentencesUITestsLaunchTests.swift */,
			);
			path = eFacileUITests;
			sourceTree = "<group>";
		};
		B5F1E67F2B4BE91700DB5A64 /* Utils */ = {
			isa = PBXGroup;
			children = (
				B5F1E6802B4BE96100DB5A64 /* UIColor+blend.swift */,
				B5A9A2702B5C277A0015A98B /* FilesHelper.swift */,
				B57CBC582B6790D300F66607 /* Lines+Dictionary.swift */,
			);
			path = Utils;
			sourceTree = "<group>";
		};
		B5F1E6822B4BE9A300DB5A64 /* Views */ = {
			isa = PBXGroup;
			children = (
				B57CBC512B66EAD900F66607 /* Courses */,
				B5A9A2742B5D30AE0015A98B /* DeckPreview */,
				B5A9A2642B5A6C100015A98B /* Common */,
				B5A9A24F2B5721E20015A98B /* Decks */,
				B5F1E6852B4BEA0B00DB5A64 /* Learning */,
				B5A9A2562B572CDE0015A98B /* HomeView.swift */,
			);
			path = Views;
			sourceTree = "<group>";
		};
		B5F1E6852B4BEA0B00DB5A64 /* Learning */ = {
			isa = PBXGroup;
			children = (
				B5F1E6832B4BE9B200DB5A64 /* LearningView.swift */,
				B5F1E6862B4BEA1F00DB5A64 /* LearningViewModel.swift */,
				B5F1E6922B4C571C00DB5A64 /* RepetitionDebugView.swift */,
			);
			path = Learning;
			sourceTree = "<group>";
		};
		B5F1E6882B4BEAA100DB5A64 /* Model */ = {
			isa = PBXGroup;
			children = (
				B5F1E6892B4BEAAC00DB5A64 /* Sentence.swift */,
				B5F1E68B2B4BEAD300DB5A64 /* CardWithRepetitions.swift */,
				B5A9A2522B5724390015A98B /* Card.swift */,
				B5A9A2542B5727B20015A98B /* Deck.swift */,
				B5A9A2672B5AA0970015A98B /* DeckWithRepetitions.swift */,
				B5A9A2692B5AA69E0015A98B /* DeckInfo.swift */,
				B5A9A2782B5D30F00015A98B /* DeckPreviewData.swift */,
				B52938D92B67EF31001FA9CB /* Course.swift */,
				B52938DB2B67EF47001FA9CB /* TreeItem.swift */,
			);
			path = Model;
			sourceTree = "<group>";
		};
		B5F1E68D2B4BEB0700DB5A64 /* Services */ = {
			isa = PBXGroup;
			children = (
				B5BAAA582B60FBA700EA802F /* Repos */,
				B5A9A26D2B5C19E90015A98B /* Mocks */,
				B5F1E67C2B4B053600DB5A64 /* RepetitionsSessionManager.swift */,
				B5A9A26B2B5C15840015A98B /* RepetitionsProvider.swift */,
				B57CBC562B678C2000F66607 /* CoursesProvider.swift */,
				B52938DD2B6A3F4E001FA9CB /* FileParser.swift */,
			);
			path = Services;
			sourceTree = "<group>";
		};
/* End PBXGroup section */

/* Begin PBXNativeTarget section */
		B5F1E6482B44BAD800DB5A64 /* eFacile */ = {
			isa = PBXNativeTarget;
			buildConfigurationList = B5F1E66E2B44BADB00DB5A64 /* Build configuration list for PBXNativeTarget "eFacile" */;
			buildPhases = (
				B5F1E6452B44BAD800DB5A64 /* Sources */,
				B5F1E6462B44BAD800DB5A64 /* Frameworks */,
				B5F1E6472B44BAD800DB5A64 /* Resources */,
			);
			buildRules = (
			);
			dependencies = (
			);
			name = eFacile;
			packageProductDependencies = (
				B5F1E67A2B44C10F00DB5A64 /* StringMetric */,
				B57CBC482B6539BB00F66607 /* CombineMoya */,
				B57CBC4A2B6539BB00F66607 /* Moya */,
			);
			productName = Sentences;
			productReference = B5F1E6492B44BAD800DB5A64 /* eFacile.app */;
			productType = "com.apple.product-type.application";
		};
		B5F1E6592B44BADB00DB5A64 /* eFacileTests */ = {
			isa = PBXNativeTarget;
			buildConfigurationList = B5F1E6712B44BADB00DB5A64 /* Build configuration list for PBXNativeTarget "eFacileTests" */;
			buildPhases = (
				B5F1E6562B44BADB00DB5A64 /* Sources */,
				B5F1E6572B44BADB00DB5A64 /* Frameworks */,
				B5F1E6582B44BADB00DB5A64 /* Resources */,
			);
			buildRules = (
			);
			dependencies = (
				B5F1E65C2B44BADB00DB5A64 /* PBXTargetDependency */,
			);
			name = eFacileTests;
			productName = SentencesTests;
			productReference = B5F1E65A2B44BADB00DB5A64 /* eFacileTests.xctest */;
			productType = "com.apple.product-type.bundle.unit-test";
		};
		B5F1E6632B44BADB00DB5A64 /* eFacileUITests */ = {
			isa = PBXNativeTarget;
			buildConfigurationList = B5F1E6742B44BADB00DB5A64 /* Build configuration list for PBXNativeTarget "eFacileUITests" */;
			buildPhases = (
				B5F1E6602B44BADB00DB5A64 /* Sources */,
				B5F1E6612B44BADB00DB5A64 /* Frameworks */,
				B5F1E6622B44BADB00DB5A64 /* Resources */,
			);
			buildRules = (
			);
			dependencies = (
				B5F1E6662B44BADB00DB5A64 /* PBXTargetDependency */,
			);
			name = eFacileUITests;
			productName = SentencesUITests;
			productReference = B5F1E6642B44BADB00DB5A64 /* eFacileUITests.xctest */;
			productType = "com.apple.product-type.bundle.ui-testing";
		};
/* End PBXNativeTarget section */

/* Begin PBXProject section */
		B5F1E6412B44BAD800DB5A64 /* Project object */ = {
			isa = PBXProject;
			attributes = {
				BuildIndependentTargetsInParallel = 1;
				LastSwiftUpdateCheck = 1430;
				LastUpgradeCheck = 1430;
				TargetAttributes = {
					B5F1E6482B44BAD800DB5A64 = {
						CreatedOnToolsVersion = 14.3;
					};
					B5F1E6592B44BADB00DB5A64 = {
						CreatedOnToolsVersion = 14.3;
						TestTargetID = B5F1E6482B44BAD800DB5A64;
					};
					B5F1E6632B44BADB00DB5A64 = {
						CreatedOnToolsVersion = 14.3;
						TestTargetID = B5F1E6482B44BAD800DB5A64;
					};
				};
			};
			buildConfigurationList = B5F1E6442B44BAD800DB5A64 /* Build configuration list for PBXProject "eFacile" */;
			compatibilityVersion = "Xcode 14.0";
			developmentRegion = en;
			hasScannedForEncodings = 0;
			knownRegions = (
				en,
				Base,
			);
			mainGroup = B5F1E6402B44BAD800DB5A64;
			packageReferences = (
				B5F1E6792B44C10F00DB5A64 /* XCRemoteSwiftPackageReference "StringMetric.swift" */,
				B57CBC472B6539BB00F66607 /* XCRemoteSwiftPackageReference "Moya" */,
			);
			productRefGroup = B5F1E64A2B44BAD800DB5A64 /* Products */;
			projectDirPath = "";
			projectRoot = "";
			targets = (
				B5F1E6482B44BAD800DB5A64 /* eFacile */,
				B5F1E6592B44BADB00DB5A64 /* eFacileTests */,
				B5F1E6632B44BADB00DB5A64 /* eFacileUITests */,
			);
		};
/* End PBXProject section */

/* Begin PBXResourcesBuildPhase section */
		B5F1E6472B44BAD800DB5A64 /* Resources */ = {
			isa = PBXResourcesBuildPhase;
			buildActionMask = 2147483647;
			files = (
				B5A9A2632B59C2BA0015A98B /* Manrope-VariableFont_wght.ttf in Resources */,
				B5F1E6542B44BADB00DB5A64 /* Preview Assets.xcassets in Resources */,
				B5F1E6512B44BADB00DB5A64 /* Assets.xcassets in Resources */,
				B5F1E6782B44BBDD00DB5A64 /* Sentences.csv in Resources */,
			);
			runOnlyForDeploymentPostprocessing = 0;
		};
		B5F1E6582B44BADB00DB5A64 /* Resources */ = {
			isa = PBXResourcesBuildPhase;
			buildActionMask = 2147483647;
			files = (
			);
			runOnlyForDeploymentPostprocessing = 0;
		};
		B5F1E6622B44BADB00DB5A64 /* Resources */ = {
			isa = PBXResourcesBuildPhase;
			buildActionMask = 2147483647;
			files = (
			);
			runOnlyForDeploymentPostprocessing = 0;
		};
/* End PBXResourcesBuildPhase section */

/* Begin PBXSourcesBuildPhase section */
		B5F1E6452B44BAD800DB5A64 /* Sources */ = {
			isa = PBXSourcesBuildPhase;
			buildActionMask = 2147483647;
			files = (
				B5A9A2552B5727B20015A98B /* Deck.swift in Sources */,
				B5F1E6872B4BEA1F00DB5A64 /* LearningViewModel.swift in Sources */,
				B5A9A2732B5C40C20015A98B /* Dependecies.swift in Sources */,
				B5F1E67D2B4B053600DB5A64 /* RepetitionsSessionManager.swift in Sources */,
				B5A9A2572B572CDE0015A98B /* HomeView.swift in Sources */,
				B57CBC572B678C2000F66607 /* CoursesProvider.swift in Sources */,
				B52938E02B6A40B0001FA9CB /* DecksOrderer.swift in Sources */,
				B5A9A26A2B5AA69E0015A98B /* DeckInfo.swift in Sources */,
				B5F1E64D2B44BAD800DB5A64 /* EFacileApp.swift in Sources */,
				B5A9A2532B5724390015A98B /* Card.swift in Sources */,
				B5F1E68C2B4BEAD300DB5A64 /* CardWithRepetitions.swift in Sources */,
				B5A9A2512B57223B0015A98B /* DecksListViewModel.swift in Sources */,
				B5BAAA5A2B60FBE700EA802F /* DeckRepetitionsRemoteRepository.swift in Sources */,
				B52938DA2B67EF31001FA9CB /* Course.swift in Sources */,
				B5A9A26F2B5C1A030015A98B /* RepetitionsProviderMock.swift in Sources */,
				B57CBC592B6790D300F66607 /* Lines+Dictionary.swift in Sources */,
				B57CBC502B6669C600F66607 /* GithubContentService.swift in Sources */,
				B5A9A2762B5D30D90015A98B /* DeckPreviewView.swift in Sources */,
				B5A9A25D2B59B5C60015A98B /* Theme.swift in Sources */,
				B5F1E6842B4BE9B200DB5A64 /* LearningView.swift in Sources */,
				B5A9A24C2B5720B60015A98B /* DeckRepetitionsRepositoryProtocol.swift in Sources */,
				B57CBC4E2B6539F800F66607 /* DecksService.swift in Sources */,
				B52938DE2B6A3F4E001FA9CB /* FileParser.swift in Sources */,
				B5A9A26C2B5C15850015A98B /* RepetitionsProvider.swift in Sources */,
				B5A9A2662B5A6C250015A98B /* PieChartProgressView.swift in Sources */,
				B5A9A2682B5AA0970015A98B /* DeckWithRepetitions.swift in Sources */,
				B52938DC2B67EF47001FA9CB /* TreeItem.swift in Sources */,
				B57CBC552B66EB2300F66607 /* CoursesViewModel.swift in Sources */,
				B5BAAA5C2B60FC1C00EA802F /* DeckRepetitionsLocalRepository.swift in Sources */,
				B5A9A2712B5C277A0015A98B /* FilesHelper.swift in Sources */,
				B57CBC532B66EAF400F66607 /* CoursesView.swift in Sources */,
				B5F1E68A2B4BEAAC00DB5A64 /* Sentence.swift in Sources */,
				B5F1E6812B4BE96100DB5A64 /* UIColor+blend.swift in Sources */,
				B5A9A2792B5D30F00015A98B /* DeckPreviewData.swift in Sources */,
				B5A9A24E2B5721D50015A98B /* DecksListView.swift in Sources */,
				B5F1E6932B4C571C00DB5A64 /* RepetitionDebugView.swift in Sources */,
			);
			runOnlyForDeploymentPostprocessing = 0;
		};
		B5F1E6562B44BADB00DB5A64 /* Sources */ = {
			isa = PBXSourcesBuildPhase;
			buildActionMask = 2147483647;
			files = (
				B5F1E6912B4C04B000DB5A64 /* TeacherTests.swift in Sources */,
				B5F1E65F2B44BADB00DB5A64 /* SentencesTests.swift in Sources */,
			);
			runOnlyForDeploymentPostprocessing = 0;
		};
		B5F1E6602B44BADB00DB5A64 /* Sources */ = {
			isa = PBXSourcesBuildPhase;
			buildActionMask = 2147483647;
			files = (
				B5F1E6692B44BADB00DB5A64 /* SentencesUITests.swift in Sources */,
				B5F1E66B2B44BADB00DB5A64 /* SentencesUITestsLaunchTests.swift in Sources */,
			);
			runOnlyForDeploymentPostprocessing = 0;
		};
/* End PBXSourcesBuildPhase section */

/* Begin PBXTargetDependency section */
		B5F1E65C2B44BADB00DB5A64 /* PBXTargetDependency */ = {
			isa = PBXTargetDependency;
			target = B5F1E6482B44BAD800DB5A64 /* eFacile */;
			targetProxy = B5F1E65B2B44BADB00DB5A64 /* PBXContainerItemProxy */;
		};
		B5F1E6662B44BADB00DB5A64 /* PBXTargetDependency */ = {
			isa = PBXTargetDependency;
			target = B5F1E6482B44BAD800DB5A64 /* eFacile */;
			targetProxy = B5F1E6652B44BADB00DB5A64 /* PBXContainerItemProxy */;
		};
/* End PBXTargetDependency section */

/* Begin XCBuildConfiguration section */
		B5F1E66C2B44BADB00DB5A64 /* Debug */ = {
			isa = XCBuildConfiguration;
			buildSettings = {
				ALWAYS_SEARCH_USER_PATHS = NO;
				CLANG_ANALYZER_NONNULL = YES;
				CLANG_ANALYZER_NUMBER_OBJECT_CONVERSION = YES_AGGRESSIVE;
				CLANG_CXX_LANGUAGE_STANDARD = "gnu++20";
				CLANG_ENABLE_MODULES = YES;
				CLANG_ENABLE_OBJC_ARC = YES;
				CLANG_ENABLE_OBJC_WEAK = YES;
				CLANG_WARN_BLOCK_CAPTURE_AUTORELEASING = YES;
				CLANG_WARN_BOOL_CONVERSION = YES;
				CLANG_WARN_COMMA = YES;
				CLANG_WARN_CONSTANT_CONVERSION = YES;
				CLANG_WARN_DEPRECATED_OBJC_IMPLEMENTATIONS = YES;
				CLANG_WARN_DIRECT_OBJC_ISA_USAGE = YES_ERROR;
				CLANG_WARN_DOCUMENTATION_COMMENTS = YES;
				CLANG_WARN_EMPTY_BODY = YES;
				CLANG_WARN_ENUM_CONVERSION = YES;
				CLANG_WARN_INFINITE_RECURSION = YES;
				CLANG_WARN_INT_CONVERSION = YES;
				CLANG_WARN_NON_LITERAL_NULL_CONVERSION = YES;
				CLANG_WARN_OBJC_IMPLICIT_RETAIN_SELF = YES;
				CLANG_WARN_OBJC_LITERAL_CONVERSION = YES;
				CLANG_WARN_OBJC_ROOT_CLASS = YES_ERROR;
				CLANG_WARN_QUOTED_INCLUDE_IN_FRAMEWORK_HEADER = YES;
				CLANG_WARN_RANGE_LOOP_ANALYSIS = YES;
				CLANG_WARN_STRICT_PROTOTYPES = YES;
				CLANG_WARN_SUSPICIOUS_MOVE = YES;
				CLANG_WARN_UNGUARDED_AVAILABILITY = YES_AGGRESSIVE;
				CLANG_WARN_UNREACHABLE_CODE = YES;
				CLANG_WARN__DUPLICATE_METHOD_MATCH = YES;
				COPY_PHASE_STRIP = NO;
				DEBUG_INFORMATION_FORMAT = dwarf;
				ENABLE_STRICT_OBJC_MSGSEND = YES;
				ENABLE_TESTABILITY = YES;
				GCC_C_LANGUAGE_STANDARD = gnu11;
				GCC_DYNAMIC_NO_PIC = NO;
				GCC_NO_COMMON_BLOCKS = YES;
				GCC_OPTIMIZATION_LEVEL = 0;
				GCC_PREPROCESSOR_DEFINITIONS = (
					"DEBUG=1",
					"$(inherited)",
				);
				GCC_WARN_64_TO_32_BIT_CONVERSION = YES;
				GCC_WARN_ABOUT_RETURN_TYPE = YES_ERROR;
				GCC_WARN_UNDECLARED_SELECTOR = YES;
				GCC_WARN_UNINITIALIZED_AUTOS = YES_AGGRESSIVE;
				GCC_WARN_UNUSED_FUNCTION = YES;
				GCC_WARN_UNUSED_VARIABLE = YES;
				MACOSX_DEPLOYMENT_TARGET = 13.3;
				MTL_ENABLE_DEBUG_INFO = INCLUDE_SOURCE;
				MTL_FAST_MATH = YES;
				ONLY_ACTIVE_ARCH = YES;
				SDKROOT = macosx;
				SWIFT_ACTIVE_COMPILATION_CONDITIONS = DEBUG;
				SWIFT_OPTIMIZATION_LEVEL = "-Onone";
			};
			name = Debug;
		};
		B5F1E66D2B44BADB00DB5A64 /* Release */ = {
			isa = XCBuildConfiguration;
			buildSettings = {
				ALWAYS_SEARCH_USER_PATHS = NO;
				CLANG_ANALYZER_NONNULL = YES;
				CLANG_ANALYZER_NUMBER_OBJECT_CONVERSION = YES_AGGRESSIVE;
				CLANG_CXX_LANGUAGE_STANDARD = "gnu++20";
				CLANG_ENABLE_MODULES = YES;
				CLANG_ENABLE_OBJC_ARC = YES;
				CLANG_ENABLE_OBJC_WEAK = YES;
				CLANG_WARN_BLOCK_CAPTURE_AUTORELEASING = YES;
				CLANG_WARN_BOOL_CONVERSION = YES;
				CLANG_WARN_COMMA = YES;
				CLANG_WARN_CONSTANT_CONVERSION = YES;
				CLANG_WARN_DEPRECATED_OBJC_IMPLEMENTATIONS = YES;
				CLANG_WARN_DIRECT_OBJC_ISA_USAGE = YES_ERROR;
				CLANG_WARN_DOCUMENTATION_COMMENTS = YES;
				CLANG_WARN_EMPTY_BODY = YES;
				CLANG_WARN_ENUM_CONVERSION = YES;
				CLANG_WARN_INFINITE_RECURSION = YES;
				CLANG_WARN_INT_CONVERSION = YES;
				CLANG_WARN_NON_LITERAL_NULL_CONVERSION = YES;
				CLANG_WARN_OBJC_IMPLICIT_RETAIN_SELF = YES;
				CLANG_WARN_OBJC_LITERAL_CONVERSION = YES;
				CLANG_WARN_OBJC_ROOT_CLASS = YES_ERROR;
				CLANG_WARN_QUOTED_INCLUDE_IN_FRAMEWORK_HEADER = YES;
				CLANG_WARN_RANGE_LOOP_ANALYSIS = YES;
				CLANG_WARN_STRICT_PROTOTYPES = YES;
				CLANG_WARN_SUSPICIOUS_MOVE = YES;
				CLANG_WARN_UNGUARDED_AVAILABILITY = YES_AGGRESSIVE;
				CLANG_WARN_UNREACHABLE_CODE = YES;
				CLANG_WARN__DUPLICATE_METHOD_MATCH = YES;
				COPY_PHASE_STRIP = NO;
				DEBUG_INFORMATION_FORMAT = "dwarf-with-dsym";
				ENABLE_NS_ASSERTIONS = NO;
				ENABLE_STRICT_OBJC_MSGSEND = YES;
				GCC_C_LANGUAGE_STANDARD = gnu11;
				GCC_NO_COMMON_BLOCKS = YES;
				GCC_WARN_64_TO_32_BIT_CONVERSION = YES;
				GCC_WARN_ABOUT_RETURN_TYPE = YES_ERROR;
				GCC_WARN_UNDECLARED_SELECTOR = YES;
				GCC_WARN_UNINITIALIZED_AUTOS = YES_AGGRESSIVE;
				GCC_WARN_UNUSED_FUNCTION = YES;
				GCC_WARN_UNUSED_VARIABLE = YES;
				MACOSX_DEPLOYMENT_TARGET = 13.3;
				MTL_ENABLE_DEBUG_INFO = NO;
				MTL_FAST_MATH = YES;
				SDKROOT = macosx;
				SWIFT_COMPILATION_MODE = wholemodule;
				SWIFT_OPTIMIZATION_LEVEL = "-O";
			};
			name = Release;
		};
		B5F1E66F2B44BADB00DB5A64 /* Debug */ = {
			isa = XCBuildConfiguration;
			buildSettings = {
				ASSETCATALOG_COMPILER_APPICON_NAME = AppIcon;
				ASSETCATALOG_COMPILER_GLOBAL_ACCENT_COLOR_NAME = AccentColor;
				CODE_SIGN_ENTITLEMENTS = eFacile/EFacile.entitlements;
				"CODE_SIGN_IDENTITY[sdk=macosx*]" = "Apple Development";
				CODE_SIGN_STYLE = Automatic;
				COMBINE_HIDPI_IMAGES = YES;
				CURRENT_PROJECT_VERSION = 1;
				DEVELOPMENT_ASSET_PATHS = "\"eFacile/Preview Content\"";
				DEVELOPMENT_TEAM = G9LR75DCPR;
				ENABLE_PREVIEWS = YES;
				GENERATE_INFOPLIST_FILE = YES;
				INFOPLIST_FILE = eFacile/Info.plist;
				INFOPLIST_KEY_NSHumanReadableCopyright = "";
				LD_RUNPATH_SEARCH_PATHS = (
					"$(inherited)",
					"@executable_path/../Frameworks",
				);
				MARKETING_VERSION = 1.0;
				PRODUCT_BUNDLE_IDENTIFIER = com.test.efacile;
				PRODUCT_NAME = "$(TARGET_NAME)";
				SUPPORTED_PLATFORMS = "iphoneos iphonesimulator macosx";
				SUPPORTS_MACCATALYST = NO;
				SUPPORTS_MAC_DESIGNED_FOR_IPHONE_IPAD = NO;
				SWIFT_EMIT_LOC_STRINGS = YES;
				SWIFT_VERSION = 5.0;
				TARGETED_DEVICE_FAMILY = 1;
			};
			name = Debug;
		};
		B5F1E6702B44BADB00DB5A64 /* Release */ = {
			isa = XCBuildConfiguration;
			buildSettings = {
				ASSETCATALOG_COMPILER_APPICON_NAME = AppIcon;
				ASSETCATALOG_COMPILER_GLOBAL_ACCENT_COLOR_NAME = AccentColor;
				CODE_SIGN_ENTITLEMENTS = eFacile/EFacile.entitlements;
				"CODE_SIGN_IDENTITY[sdk=macosx*]" = "Apple Development";
				CODE_SIGN_STYLE = Automatic;
				COMBINE_HIDPI_IMAGES = YES;
				CURRENT_PROJECT_VERSION = 1;
				DEVELOPMENT_ASSET_PATHS = "\"eFacile/Preview Content\"";
				DEVELOPMENT_TEAM = G9LR75DCPR;
				ENABLE_PREVIEWS = YES;
				GENERATE_INFOPLIST_FILE = YES;
				INFOPLIST_FILE = eFacile/Info.plist;
				INFOPLIST_KEY_NSHumanReadableCopyright = "";
				LD_RUNPATH_SEARCH_PATHS = (
					"$(inherited)",
					"@executable_path/../Frameworks",
				);
				MARKETING_VERSION = 1.0;
				PRODUCT_BUNDLE_IDENTIFIER = com.test.efacile;
				PRODUCT_NAME = "$(TARGET_NAME)";
				SUPPORTED_PLATFORMS = "iphoneos iphonesimulator macosx";
				SUPPORTS_MACCATALYST = NO;
				SUPPORTS_MAC_DESIGNED_FOR_IPHONE_IPAD = NO;
				SWIFT_EMIT_LOC_STRINGS = YES;
				SWIFT_VERSION = 5.0;
				TARGETED_DEVICE_FAMILY = 1;
			};
			name = Release;
		};
		B5F1E6722B44BADB00DB5A64 /* Debug */ = {
			isa = XCBuildConfiguration;
			buildSettings = {
				ALWAYS_EMBED_SWIFT_STANDARD_LIBRARIES = YES;
				BUNDLE_LOADER = "$(TEST_HOST)";
				CODE_SIGN_STYLE = Automatic;
				CURRENT_PROJECT_VERSION = 1;
				GENERATE_INFOPLIST_FILE = YES;
				MACOSX_DEPLOYMENT_TARGET = 13.3;
				MARKETING_VERSION = 1.0;
				PRODUCT_BUNDLE_IDENTIFIER = com.test.SentencesTests;
				PRODUCT_NAME = "$(TARGET_NAME)";
				SUPPORTED_PLATFORMS = "iphoneos iphonesimulator macosx";
				SUPPORTS_MACCATALYST = NO;
				SUPPORTS_MAC_DESIGNED_FOR_IPHONE_IPAD = NO;
				SWIFT_EMIT_LOC_STRINGS = NO;
				SWIFT_VERSION = 5.0;
				TARGETED_DEVICE_FAMILY = 1;
				TEST_HOST = "$(BUILT_PRODUCTS_DIR)/eFacile.app/$(BUNDLE_EXECUTABLE_FOLDER_PATH)/eFacile";
			};
			name = Debug;
		};
		B5F1E6732B44BADB00DB5A64 /* Release */ = {
			isa = XCBuildConfiguration;
			buildSettings = {
				ALWAYS_EMBED_SWIFT_STANDARD_LIBRARIES = YES;
				BUNDLE_LOADER = "$(TEST_HOST)";
				CODE_SIGN_STYLE = Automatic;
				CURRENT_PROJECT_VERSION = 1;
				GENERATE_INFOPLIST_FILE = YES;
				MACOSX_DEPLOYMENT_TARGET = 13.3;
				MARKETING_VERSION = 1.0;
				PRODUCT_BUNDLE_IDENTIFIER = com.test.SentencesTests;
				PRODUCT_NAME = "$(TARGET_NAME)";
				SUPPORTED_PLATFORMS = "iphoneos iphonesimulator macosx";
				SUPPORTS_MACCATALYST = NO;
				SUPPORTS_MAC_DESIGNED_FOR_IPHONE_IPAD = NO;
				SWIFT_EMIT_LOC_STRINGS = NO;
				SWIFT_VERSION = 5.0;
				TARGETED_DEVICE_FAMILY = 1;
				TEST_HOST = "$(BUILT_PRODUCTS_DIR)/eFacile.app/$(BUNDLE_EXECUTABLE_FOLDER_PATH)/eFacile";
			};
			name = Release;
		};
		B5F1E6752B44BADB00DB5A64 /* Debug */ = {
			isa = XCBuildConfiguration;
			buildSettings = {
				ALWAYS_EMBED_SWIFT_STANDARD_LIBRARIES = YES;
				CODE_SIGN_STYLE = Automatic;
				CURRENT_PROJECT_VERSION = 1;
				GENERATE_INFOPLIST_FILE = YES;
				MARKETING_VERSION = 1.0;
				PRODUCT_BUNDLE_IDENTIFIER = com.test.SentencesUITests;
				PRODUCT_NAME = "$(TARGET_NAME)";
				SWIFT_EMIT_LOC_STRINGS = NO;
				SWIFT_VERSION = 5.0;
				TEST_TARGET_NAME = Sentences;
			};
			name = Debug;
		};
		B5F1E6762B44BADB00DB5A64 /* Release */ = {
			isa = XCBuildConfiguration;
			buildSettings = {
				ALWAYS_EMBED_SWIFT_STANDARD_LIBRARIES = YES;
				CODE_SIGN_STYLE = Automatic;
				CURRENT_PROJECT_VERSION = 1;
				GENERATE_INFOPLIST_FILE = YES;
				MARKETING_VERSION = 1.0;
				PRODUCT_BUNDLE_IDENTIFIER = com.test.SentencesUITests;
				PRODUCT_NAME = "$(TARGET_NAME)";
				SWIFT_EMIT_LOC_STRINGS = NO;
				SWIFT_VERSION = 5.0;
				TEST_TARGET_NAME = Sentences;
			};
			name = Release;
		};
/* End XCBuildConfiguration section */

/* Begin XCConfigurationList section */
		B5F1E6442B44BAD800DB5A64 /* Build configuration list for PBXProject "eFacile" */ = {
			isa = XCConfigurationList;
			buildConfigurations = (
				B5F1E66C2B44BADB00DB5A64 /* Debug */,
				B5F1E66D2B44BADB00DB5A64 /* Release */,
			);
			defaultConfigurationIsVisible = 0;
			defaultConfigurationName = Release;
		};
		B5F1E66E2B44BADB00DB5A64 /* Build configuration list for PBXNativeTarget "eFacile" */ = {
			isa = XCConfigurationList;
			buildConfigurations = (
				B5F1E66F2B44BADB00DB5A64 /* Debug */,
				B5F1E6702B44BADB00DB5A64 /* Release */,
			);
			defaultConfigurationIsVisible = 0;
			defaultConfigurationName = Release;
		};
		B5F1E6712B44BADB00DB5A64 /* Build configuration list for PBXNativeTarget "eFacileTests" */ = {
			isa = XCConfigurationList;
			buildConfigurations = (
				B5F1E6722B44BADB00DB5A64 /* Debug */,
				B5F1E6732B44BADB00DB5A64 /* Release */,
			);
			defaultConfigurationIsVisible = 0;
			defaultConfigurationName = Release;
		};
		B5F1E6742B44BADB00DB5A64 /* Build configuration list for PBXNativeTarget "eFacileUITests" */ = {
			isa = XCConfigurationList;
			buildConfigurations = (
				B5F1E6752B44BADB00DB5A64 /* Debug */,
				B5F1E6762B44BADB00DB5A64 /* Release */,
			);
			defaultConfigurationIsVisible = 0;
			defaultConfigurationName = Release;
		};
/* End XCConfigurationList section */

/* Begin XCRemoteSwiftPackageReference section */
		B57CBC472B6539BB00F66607 /* XCRemoteSwiftPackageReference "Moya" */ = {
			isa = XCRemoteSwiftPackageReference;
			repositoryURL = "https://github.com/Moya/Moya.git";
			requirement = {
				kind = upToNextMajorVersion;
				minimumVersion = 15.0.0;
			};
		};
		B5F1E6792B44C10F00DB5A64 /* XCRemoteSwiftPackageReference "StringMetric.swift" */ = {
			isa = XCRemoteSwiftPackageReference;
			repositoryURL = "https://github.com/autozimu/StringMetric.swift.git";
			requirement = {
				kind = upToNextMajorVersion;
				minimumVersion = 0.3.2;
			};
		};
/* End XCRemoteSwiftPackageReference section */

/* Begin XCSwiftPackageProductDependency section */
		B57CBC482B6539BB00F66607 /* CombineMoya */ = {
			isa = XCSwiftPackageProductDependency;
			package = B57CBC472B6539BB00F66607 /* XCRemoteSwiftPackageReference "Moya" */;
			productName = CombineMoya;
		};
		B57CBC4A2B6539BB00F66607 /* Moya */ = {
			isa = XCSwiftPackageProductDependency;
			package = B57CBC472B6539BB00F66607 /* XCRemoteSwiftPackageReference "Moya" */;
			productName = Moya;
		};
		B5F1E67A2B44C10F00DB5A64 /* StringMetric */ = {
			isa = XCSwiftPackageProductDependency;
			package = B5F1E6792B44C10F00DB5A64 /* XCRemoteSwiftPackageReference "StringMetric.swift" */;
			productName = StringMetric;
		};
/* End XCSwiftPackageProductDependency section */
	};
	rootObject = B5F1E6412B44BAD800DB5A64 /* Project object */;
}
