// !$*UTF8*$!
{
	archiveVersion = 1;
	classes = {
	};
	objectVersion = 56;
	objects = {

/* Begin PBXBuildFile section */
		B5F1E64D2B44BAD800DB5A64 /* SentencesApp.swift in Sources */ = {isa = PBXBuildFile; fileRef = B5F1E64C2B44BAD800DB5A64 /* SentencesApp.swift */; };
		B5F1E64F2B44BAD800DB5A64 /* ContentView.swift in Sources */ = {isa = PBXBuildFile; fileRef = B5F1E64E2B44BAD800DB5A64 /* ContentView.swift */; };
		B5F1E6512B44BADB00DB5A64 /* Assets.xcassets in Resources */ = {isa = PBXBuildFile; fileRef = B5F1E6502B44BADB00DB5A64 /* Assets.xcassets */; };
		B5F1E6542B44BADB00DB5A64 /* Preview Assets.xcassets in Resources */ = {isa = PBXBuildFile; fileRef = B5F1E6532B44BADB00DB5A64 /* Preview Assets.xcassets */; };
		B5F1E65F2B44BADB00DB5A64 /* SentencesTests.swift in Sources */ = {isa = PBXBuildFile; fileRef = B5F1E65E2B44BADB00DB5A64 /* SentencesTests.swift */; };
		B5F1E6692B44BADB00DB5A64 /* SentencesUITests.swift in Sources */ = {isa = PBXBuildFile; fileRef = B5F1E6682B44BADB00DB5A64 /* SentencesUITests.swift */; };
		B5F1E66B2B44BADB00DB5A64 /* SentencesUITestsLaunchTests.swift in Sources */ = {isa = PBXBuildFile; fileRef = B5F1E66A2B44BADB00DB5A64 /* SentencesUITestsLaunchTests.swift */; };
/* End PBXBuildFile section */

/* Begin PBXContainerItemProxy section */
		B5F1E65B2B44BADB00DB5A64 /* PBXContainerItemProxy */ = {
			isa = PBXContainerItemProxy;
			containerPortal = B5F1E6412B44BAD800DB5A64 /* Project object */;
			proxyType = 1;
			remoteGlobalIDString = B5F1E6482B44BAD800DB5A64;
			remoteInfo = Sentences;
		};
		B5F1E6652B44BADB00DB5A64 /* PBXContainerItemProxy */ = {
			isa = PBXContainerItemProxy;
			containerPortal = B5F1E6412B44BAD800DB5A64 /* Project object */;
			proxyType = 1;
			remoteGlobalIDString = B5F1E6482B44BAD800DB5A64;
			remoteInfo = Sentences;
		};
/* End PBXContainerItemProxy section */

/* Begin PBXFileReference section */
		B5F1E6492B44BAD800DB5A64 /* Sentences.app */ = {isa = PBXFileReference; explicitFileType = wrapper.application; includeInIndex = 0; path = Sentences.app; sourceTree = BUILT_PRODUCTS_DIR; };
		B5F1E64C2B44BAD800DB5A64 /* SentencesApp.swift */ = {isa = PBXFileReference; lastKnownFileType = sourcecode.swift; path = SentencesApp.swift; sourceTree = "<group>"; };
		B5F1E64E2B44BAD800DB5A64 /* ContentView.swift */ = {isa = PBXFileReference; lastKnownFileType = sourcecode.swift; path = ContentView.swift; sourceTree = "<group>"; };
		B5F1E6502B44BADB00DB5A64 /* Assets.xcassets */ = {isa = PBXFileReference; lastKnownFileType = folder.assetcatalog; path = Assets.xcassets; sourceTree = "<group>"; };
		B5F1E6532B44BADB00DB5A64 /* Preview Assets.xcassets */ = {isa = PBXFileReference; lastKnownFileType = folder.assetcatalog; path = "Preview Assets.xcassets"; sourceTree = "<group>"; };
		B5F1E6552B44BADB00DB5A64 /* Sentences.entitlements */ = {isa = PBXFileReference; lastKnownFileType = text.plist.entitlements; path = Sentences.entitlements; sourceTree = "<group>"; };
		B5F1E65A2B44BADB00DB5A64 /* SentencesTests.xctest */ = {isa = PBXFileReference; explicitFileType = wrapper.cfbundle; includeInIndex = 0; path = SentencesTests.xctest; sourceTree = BUILT_PRODUCTS_DIR; };
		B5F1E65E2B44BADB00DB5A64 /* SentencesTests.swift */ = {isa = PBXFileReference; lastKnownFileType = sourcecode.swift; path = SentencesTests.swift; sourceTree = "<group>"; };
		B5F1E6642B44BADB00DB5A64 /* SentencesUITests.xctest */ = {isa = PBXFileReference; explicitFileType = wrapper.cfbundle; includeInIndex = 0; path = SentencesUITests.xctest; sourceTree = BUILT_PRODUCTS_DIR; };
		B5F1E6682B44BADB00DB5A64 /* SentencesUITests.swift */ = {isa = PBXFileReference; lastKnownFileType = sourcecode.swift; path = SentencesUITests.swift; sourceTree = "<group>"; };
		B5F1E66A2B44BADB00DB5A64 /* SentencesUITestsLaunchTests.swift */ = {isa = PBXFileReference; lastKnownFileType = sourcecode.swift; path = SentencesUITestsLaunchTests.swift; sourceTree = "<group>"; };
/* End PBXFileReference section */

/* Begin PBXFrameworksBuildPhase section */
		B5F1E6462B44BAD800DB5A64 /* Frameworks */ = {
			isa = PBXFrameworksBuildPhase;
			buildActionMask = 2147483647;
			files = (
			);
			runOnlyForDeploymentPostprocessing = 0;
		};
		B5F1E6572B44BADB00DB5A64 /* Frameworks */ = {
			isa = PBXFrameworksBuildPhase;
			buildActionMask = 2147483647;
			files = (
			);
			runOnlyForDeploymentPostprocessing = 0;
		};
		B5F1E6612B44BADB00DB5A64 /* Frameworks */ = {
			isa = PBXFrameworksBuildPhase;
			buildActionMask = 2147483647;
			files = (
			);
			runOnlyForDeploymentPostprocessing = 0;
		};
/* End PBXFrameworksBuildPhase section */

/* Begin PBXGroup section */
		B5F1E6402B44BAD800DB5A64 = {
			isa = PBXGroup;
			children = (
				B5F1E64B2B44BAD800DB5A64 /* Sentences */,
				B5F1E65D2B44BADB00DB5A64 /* SentencesTests */,
				B5F1E6672B44BADB00DB5A64 /* SentencesUITests */,
				B5F1E64A2B44BAD800DB5A64 /* Products */,
			);
			sourceTree = "<group>";
		};
		B5F1E64A2B44BAD800DB5A64 /* Products */ = {
			isa = PBXGroup;
			children = (
				B5F1E6492B44BAD800DB5A64 /* Sentences.app */,
				B5F1E65A2B44BADB00DB5A64 /* SentencesTests.xctest */,
				B5F1E6642B44BADB00DB5A64 /* SentencesUITests.xctest */,
			);
			name = Products;
			sourceTree = "<group>";
		};
		B5F1E64B2B44BAD800DB5A64 /* Sentences */ = {
			isa = PBXGroup;
			children = (
				B5F1E64C2B44BAD800DB5A64 /* SentencesApp.swift */,
				B5F1E64E2B44BAD800DB5A64 /* ContentView.swift */,
				B5F1E6502B44BADB00DB5A64 /* Assets.xcassets */,
				B5F1E6552B44BADB00DB5A64 /* Sentences.entitlements */,
				B5F1E6522B44BADB00DB5A64 /* Preview Content */,
			);
			path = Sentences;
			sourceTree = "<group>";
		};
		B5F1E6522B44BADB00DB5A64 /* Preview Content */ = {
			isa = PBXGroup;
			children = (
				B5F1E6532B44BADB00DB5A64 /* Preview Assets.xcassets */,
			);
			path = "Preview Content";
			sourceTree = "<group>";
		};
		B5F1E65D2B44BADB00DB5A64 /* SentencesTests */ = {
			isa = PBXGroup;
			children = (
				B5F1E65E2B44BADB00DB5A64 /* SentencesTests.swift */,
			);
			path = SentencesTests;
			sourceTree = "<group>";
		};
		B5F1E6672B44BADB00DB5A64 /* SentencesUITests */ = {
			isa = PBXGroup;
			children = (
				B5F1E6682B44BADB00DB5A64 /* SentencesUITests.swift */,
				B5F1E66A2B44BADB00DB5A64 /* SentencesUITestsLaunchTests.swift */,
			);
			path = SentencesUITests;
			sourceTree = "<group>";
		};
/* End PBXGroup section */

/* Begin PBXNativeTarget section */
		B5F1E6482B44BAD800DB5A64 /* Sentences */ = {
			isa = PBXNativeTarget;
			buildConfigurationList = B5F1E66E2B44BADB00DB5A64 /* Build configuration list for PBXNativeTarget "Sentences" */;
			buildPhases = (
				B5F1E6452B44BAD800DB5A64 /* Sources */,
				B5F1E6462B44BAD800DB5A64 /* Frameworks */,
				B5F1E6472B44BAD800DB5A64 /* Resources */,
			);
			buildRules = (
			);
			dependencies = (
			);
			name = Sentences;
			productName = Sentences;
			productReference = B5F1E6492B44BAD800DB5A64 /* Sentences.app */;
			productType = "com.apple.product-type.application";
		};
		B5F1E6592B44BADB00DB5A64 /* SentencesTests */ = {
			isa = PBXNativeTarget;
			buildConfigurationList = B5F1E6712B44BADB00DB5A64 /* Build configuration list for PBXNativeTarget "SentencesTests" */;
			buildPhases = (
				B5F1E6562B44BADB00DB5A64 /* Sources */,
				B5F1E6572B44BADB00DB5A64 /* Frameworks */,
				B5F1E6582B44BADB00DB5A64 /* Resources */,
			);
			buildRules = (
			);
			dependencies = (
				B5F1E65C2B44BADB00DB5A64 /* PBXTargetDependency */,
			);
			name = SentencesTests;
			productName = SentencesTests;
			productReference = B5F1E65A2B44BADB00DB5A64 /* SentencesTests.xctest */;
			productType = "com.apple.product-type.bundle.unit-test";
		};
		B5F1E6632B44BADB00DB5A64 /* SentencesUITests */ = {
			isa = PBXNativeTarget;
			buildConfigurationList = B5F1E6742B44BADB00DB5A64 /* Build configuration list for PBXNativeTarget "SentencesUITests" */;
			buildPhases = (
				B5F1E6602B44BADB00DB5A64 /* Sources */,
				B5F1E6612B44BADB00DB5A64 /* Frameworks */,
				B5F1E6622B44BADB00DB5A64 /* Resources */,
			);
			buildRules = (
			);
			dependencies = (
				B5F1E6662B44BADB00DB5A64 /* PBXTargetDependency */,
			);
			name = SentencesUITests;
			productName = SentencesUITests;
			productReference = B5F1E6642B44BADB00DB5A64 /* SentencesUITests.xctest */;
			productType = "com.apple.product-type.bundle.ui-testing";
		};
/* End PBXNativeTarget section */

/* Begin PBXProject section */
		B5F1E6412B44BAD800DB5A64 /* Project object */ = {
			isa = PBXProject;
			attributes = {
				BuildIndependentTargetsInParallel = 1;
				LastSwiftUpdateCheck = 1430;
				LastUpgradeCheck = 1430;
				TargetAttributes = {
					B5F1E6482B44BAD800DB5A64 = {
						CreatedOnToolsVersion = 14.3;
					};
					B5F1E6592B44BADB00DB5A64 = {
						CreatedOnToolsVersion = 14.3;
						TestTargetID = B5F1E6482B44BAD800DB5A64;
					};
					B5F1E6632B44BADB00DB5A64 = {
						CreatedOnToolsVersion = 14.3;
						TestTargetID = B5F1E6482B44BAD800DB5A64;
					};
				};
			};
			buildConfigurationList = B5F1E6442B44BAD800DB5A64 /* Build configuration list for PBXProject "Sentences" */;
			compatibilityVersion = "Xcode 14.0";
			developmentRegion = en;
			hasScannedForEncodings = 0;
			knownRegions = (
				en,
				Base,
			);
			mainGroup = B5F1E6402B44BAD800DB5A64;
			productRefGroup = B5F1E64A2B44BAD800DB5A64 /* Products */;
			projectDirPath = "";
			projectRoot = "";
			targets = (
				B5F1E6482B44BAD800DB5A64 /* Sentences */,
				B5F1E6592B44BADB00DB5A64 /* SentencesTests */,
				B5F1E6632B44BADB00DB5A64 /* SentencesUITests */,
			);
		};
/* End PBXProject section */

/* Begin PBXResourcesBuildPhase section */
		B5F1E6472B44BAD800DB5A64 /* Resources */ = {
			isa = PBXResourcesBuildPhase;
			buildActionMask = 2147483647;
			files = (
				B5F1E6542B44BADB00DB5A64 /* Preview Assets.xcassets in Resources */,
				B5F1E6512B44BADB00DB5A64 /* Assets.xcassets in Resources */,
			);
			runOnlyForDeploymentPostprocessing = 0;
		};
		B5F1E6582B44BADB00DB5A64 /* Resources */ = {
			isa = PBXResourcesBuildPhase;
			buildActionMask = 2147483647;
			files = (
			);
			runOnlyForDeploymentPostprocessing = 0;
		};
		B5F1E6622B44BADB00DB5A64 /* Resources */ = {
			isa = PBXResourcesBuildPhase;
			buildActionMask = 2147483647;
			files = (
			);
			runOnlyForDeploymentPostprocessing = 0;
		};
/* End PBXResourcesBuildPhase section */

/* Begin PBXSourcesBuildPhase section */
		B5F1E6452B44BAD800DB5A64 /* Sources */ = {
			isa = PBXSourcesBuildPhase;
			buildActionMask = 2147483647;
			files = (
				B5F1E64F2B44BAD800DB5A64 /* ContentView.swift in Sources */,
				B5F1E64D2B44BAD800DB5A64 /* SentencesApp.swift in Sources */,
			);
			runOnlyForDeploymentPostprocessing = 0;
		};
		B5F1E6562B44BADB00DB5A64 /* Sources */ = {
			isa = PBXSourcesBuildPhase;
			buildActionMask = 2147483647;
			files = (
				B5F1E65F2B44BADB00DB5A64 /* SentencesTests.swift in Sources */,
			);
			runOnlyForDeploymentPostprocessing = 0;
		};
		B5F1E6602B44BADB00DB5A64 /* Sources */ = {
			isa = PBXSourcesBuildPhase;
			buildActionMask = 2147483647;
			files = (
				B5F1E6692B44BADB00DB5A64 /* SentencesUITests.swift in Sources */,
				B5F1E66B2B44BADB00DB5A64 /* SentencesUITestsLaunchTests.swift in Sources */,
			);
			runOnlyForDeploymentPostprocessing = 0;
		};
/* End PBXSourcesBuildPhase section */

/* Begin PBXTargetDependency section */
		B5F1E65C2B44BADB00DB5A64 /* PBXTargetDependency */ = {
			isa = PBXTargetDependency;
			target = B5F1E6482B44BAD800DB5A64 /* Sentences */;
			targetProxy = B5F1E65B2B44BADB00DB5A64 /* PBXContainerItemProxy */;
		};
		B5F1E6662B44BADB00DB5A64 /* PBXTargetDependency */ = {
			isa = PBXTargetDependency;
			target = B5F1E6482B44BAD800DB5A64 /* Sentences */;
			targetProxy = B5F1E6652B44BADB00DB5A64 /* PBXContainerItemProxy */;
		};
/* End PBXTargetDependency section */

/* Begin XCBuildConfiguration section */
		B5F1E66C2B44BADB00DB5A64 /* Debug */ = {
			isa = XCBuildConfiguration;
			buildSettings = {
				ALWAYS_SEARCH_USER_PATHS = NO;
				CLANG_ANALYZER_NONNULL = YES;
				CLANG_ANALYZER_NUMBER_OBJECT_CONVERSION = YES_AGGRESSIVE;
				CLANG_CXX_LANGUAGE_STANDARD = "gnu++20";
				CLANG_ENABLE_MODULES = YES;
				CLANG_ENABLE_OBJC_ARC = YES;
				CLANG_ENABLE_OBJC_WEAK = YES;
				CLANG_WARN_BLOCK_CAPTURE_AUTORELEASING = YES;
				CLANG_WARN_BOOL_CONVERSION = YES;
				CLANG_WARN_COMMA = YES;
				CLANG_WARN_CONSTANT_CONVERSION = YES;
				CLANG_WARN_DEPRECATED_OBJC_IMPLEMENTATIONS = YES;
				CLANG_WARN_DIRECT_OBJC_ISA_USAGE = YES_ERROR;
				CLANG_WARN_DOCUMENTATION_COMMENTS = YES;
				CLANG_WARN_EMPTY_BODY = YES;
				CLANG_WARN_ENUM_CONVERSION = YES;
				CLANG_WARN_INFINITE_RECURSION = YES;
				CLANG_WARN_INT_CONVERSION = YES;
				CLANG_WARN_NON_LITERAL_NULL_CONVERSION = YES;
				CLANG_WARN_OBJC_IMPLICIT_RETAIN_SELF = YES;
				CLANG_WARN_OBJC_LITERAL_CONVERSION = YES;
				CLANG_WARN_OBJC_ROOT_CLASS = YES_ERROR;
				CLANG_WARN_QUOTED_INCLUDE_IN_FRAMEWORK_HEADER = YES;
				CLANG_WARN_RANGE_LOOP_ANALYSIS = YES;
				CLANG_WARN_STRICT_PROTOTYPES = YES;
				CLANG_WARN_SUSPICIOUS_MOVE = YES;
				CLANG_WARN_UNGUARDED_AVAILABILITY = YES_AGGRESSIVE;
				CLANG_WARN_UNREACHABLE_CODE = YES;
				CLANG_WARN__DUPLICATE_METHOD_MATCH = YES;
				COPY_PHASE_STRIP = NO;
				DEBUG_INFORMATION_FORMAT = dwarf;
				ENABLE_STRICT_OBJC_MSGSEND = YES;
				ENABLE_TESTABILITY = YES;
				GCC_C_LANGUAGE_STANDARD = gnu11;
				GCC_DYNAMIC_NO_PIC = NO;
				GCC_NO_COMMON_BLOCKS = YES;
				GCC_OPTIMIZATION_LEVEL = 0;
				GCC_PREPROCESSOR_DEFINITIONS = (
					"DEBUG=1",
					"$(inherited)",
				);
				GCC_WARN_64_TO_32_BIT_CONVERSION = YES;
				GCC_WARN_ABOUT_RETURN_TYPE = YES_ERROR;
				GCC_WARN_UNDECLARED_SELECTOR = YES;
				GCC_WARN_UNINITIALIZED_AUTOS = YES_AGGRESSIVE;
				GCC_WARN_UNUSED_FUNCTION = YES;
				GCC_WARN_UNUSED_VARIABLE = YES;
				MACOSX_DEPLOYMENT_TARGET = 13.3;
				MTL_ENABLE_DEBUG_INFO = INCLUDE_SOURCE;
				MTL_FAST_MATH = YES;
				ONLY_ACTIVE_ARCH = YES;
				SDKROOT = macosx;
				SWIFT_ACTIVE_COMPILATION_CONDITIONS = DEBUG;
				SWIFT_OPTIMIZATION_LEVEL = "-Onone";
			};
			name = Debug;
		};
		B5F1E66D2B44BADB00DB5A64 /* Release */ = {
			isa = XCBuildConfiguration;
			buildSettings = {
				ALWAYS_SEARCH_USER_PATHS = NO;
				CLANG_ANALYZER_NONNULL = YES;
				CLANG_ANALYZER_NUMBER_OBJECT_CONVERSION = YES_AGGRESSIVE;
				CLANG_CXX_LANGUAGE_STANDARD = "gnu++20";
				CLANG_ENABLE_MODULES = YES;
				CLANG_ENABLE_OBJC_ARC = YES;
				CLANG_ENABLE_OBJC_WEAK = YES;
				CLANG_WARN_BLOCK_CAPTURE_AUTORELEASING = YES;
				CLANG_WARN_BOOL_CONVERSION = YES;
				CLANG_WARN_COMMA = YES;
				CLANG_WARN_CONSTANT_CONVERSION = YES;
				CLANG_WARN_DEPRECATED_OBJC_IMPLEMENTATIONS = YES;
				CLANG_WARN_DIRECT_OBJC_ISA_USAGE = YES_ERROR;
				CLANG_WARN_DOCUMENTATION_COMMENTS = YES;
				CLANG_WARN_EMPTY_BODY = YES;
				CLANG_WARN_ENUM_CONVERSION = YES;
				CLANG_WARN_INFINITE_RECURSION = YES;
				CLANG_WARN_INT_CONVERSION = YES;
				CLANG_WARN_NON_LITERAL_NULL_CONVERSION = YES;
				CLANG_WARN_OBJC_IMPLICIT_RETAIN_SELF = YES;
				CLANG_WARN_OBJC_LITERAL_CONVERSION = YES;
				CLANG_WARN_OBJC_ROOT_CLASS = YES_ERROR;
				CLANG_WARN_QUOTED_INCLUDE_IN_FRAMEWORK_HEADER = YES;
				CLANG_WARN_RANGE_LOOP_ANALYSIS = YES;
				CLANG_WARN_STRICT_PROTOTYPES = YES;
				CLANG_WARN_SUSPICIOUS_MOVE = YES;
				CLANG_WARN_UNGUARDED_AVAILABILITY = YES_AGGRESSIVE;
				CLANG_WARN_UNREACHABLE_CODE = YES;
				CLANG_WARN__DUPLICATE_METHOD_MATCH = YES;
				COPY_PHASE_STRIP = NO;
				DEBUG_INFORMATION_FORMAT = "dwarf-with-dsym";
				ENABLE_NS_ASSERTIONS = NO;
				ENABLE_STRICT_OBJC_MSGSEND = YES;
				GCC_C_LANGUAGE_STANDARD = gnu11;
				GCC_NO_COMMON_BLOCKS = YES;
				GCC_WARN_64_TO_32_BIT_CONVERSION = YES;
				GCC_WARN_ABOUT_RETURN_TYPE = YES_ERROR;
				GCC_WARN_UNDECLARED_SELECTOR = YES;
				GCC_WARN_UNINITIALIZED_AUTOS = YES_AGGRESSIVE;
				GCC_WARN_UNUSED_FUNCTION = YES;
				GCC_WARN_UNUSED_VARIABLE = YES;
				MACOSX_DEPLOYMENT_TARGET = 13.3;
				MTL_ENABLE_DEBUG_INFO = NO;
				MTL_FAST_MATH = YES;
				SDKROOT = macosx;
				SWIFT_COMPILATION_MODE = wholemodule;
				SWIFT_OPTIMIZATION_LEVEL = "-O";
			};
			name = Release;
		};
		B5F1E66F2B44BADB00DB5A64 /* Debug */ = {
			isa = XCBuildConfiguration;
			buildSettings = {
				ASSETCATALOG_COMPILER_APPICON_NAME = AppIcon;
				ASSETCATALOG_COMPILER_GLOBAL_ACCENT_COLOR_NAME = AccentColor;
				CODE_SIGN_ENTITLEMENTS = Sentences/Sentences.entitlements;
				CODE_SIGN_STYLE = Automatic;
				COMBINE_HIDPI_IMAGES = YES;
				CURRENT_PROJECT_VERSION = 1;
				DEVELOPMENT_ASSET_PATHS = "\"Sentences/Preview Content\"";
				ENABLE_PREVIEWS = YES;
				GENERATE_INFOPLIST_FILE = YES;
				INFOPLIST_KEY_NSHumanReadableCopyright = "";
				LD_RUNPATH_SEARCH_PATHS = (
					"$(inherited)",
					"@executable_path/../Frameworks",
				);
				MARKETING_VERSION = 1.0;
				PRODUCT_BUNDLE_IDENTIFIER = com.test.Sentences;
				PRODUCT_NAME = "$(TARGET_NAME)";
				SWIFT_EMIT_LOC_STRINGS = YES;
				SWIFT_VERSION = 5.0;
			};
			name = Debug;
		};
		B5F1E6702B44BADB00DB5A64 /* Release */ = {
			isa = XCBuildConfiguration;
			buildSettings = {
				ASSETCATALOG_COMPILER_APPICON_NAME = AppIcon;
				ASSETCATALOG_COMPILER_GLOBAL_ACCENT_COLOR_NAME = AccentColor;
				CODE_SIGN_ENTITLEMENTS = Sentences/Sentences.entitlements;
				CODE_SIGN_STYLE = Automatic;
				COMBINE_HIDPI_IMAGES = YES;
				CURRENT_PROJECT_VERSION = 1;
				DEVELOPMENT_ASSET_PATHS = "\"Sentences/Preview Content\"";
				ENABLE_PREVIEWS = YES;
				GENERATE_INFOPLIST_FILE = YES;
				INFOPLIST_KEY_NSHumanReadableCopyright = "";
				LD_RUNPATH_SEARCH_PATHS = (
					"$(inherited)",
					"@executable_path/../Frameworks",
				);
				MARKETING_VERSION = 1.0;
				PRODUCT_BUNDLE_IDENTIFIER = com.test.Sentences;
				PRODUCT_NAME = "$(TARGET_NAME)";
				SWIFT_EMIT_LOC_STRINGS = YES;
				SWIFT_VERSION = 5.0;
			};
			name = Release;
		};
		B5F1E6722B44BADB00DB5A64 /* Debug */ = {
			isa = XCBuildConfiguration;
			buildSettings = {
				ALWAYS_EMBED_SWIFT_STANDARD_LIBRARIES = YES;
				BUNDLE_LOADER = "$(TEST_HOST)";
				CODE_SIGN_STYLE = Automatic;
				CURRENT_PROJECT_VERSION = 1;
				GENERATE_INFOPLIST_FILE = YES;
				MACOSX_DEPLOYMENT_TARGET = 13.3;
				MARKETING_VERSION = 1.0;
				PRODUCT_BUNDLE_IDENTIFIER = com.test.SentencesTests;
				PRODUCT_NAME = "$(TARGET_NAME)";
				SWIFT_EMIT_LOC_STRINGS = NO;
				SWIFT_VERSION = 5.0;
				TEST_HOST = "$(BUILT_PRODUCTS_DIR)/Sentences.app/$(BUNDLE_EXECUTABLE_FOLDER_PATH)/Sentences";
			};
			name = Debug;
		};
		B5F1E6732B44BADB00DB5A64 /* Release */ = {
			isa = XCBuildConfiguration;
			buildSettings = {
				ALWAYS_EMBED_SWIFT_STANDARD_LIBRARIES = YES;
				BUNDLE_LOADER = "$(TEST_HOST)";
				CODE_SIGN_STYLE = Automatic;
				CURRENT_PROJECT_VERSION = 1;
				GENERATE_INFOPLIST_FILE = YES;
				MACOSX_DEPLOYMENT_TARGET = 13.3;
				MARKETING_VERSION = 1.0;
				PRODUCT_BUNDLE_IDENTIFIER = com.test.SentencesTests;
				PRODUCT_NAME = "$(TARGET_NAME)";
				SWIFT_EMIT_LOC_STRINGS = NO;
				SWIFT_VERSION = 5.0;
				TEST_HOST = "$(BUILT_PRODUCTS_DIR)/Sentences.app/$(BUNDLE_EXECUTABLE_FOLDER_PATH)/Sentences";
			};
			name = Release;
		};
		B5F1E6752B44BADB00DB5A64 /* Debug */ = {
			isa = XCBuildConfiguration;
			buildSettings = {
				ALWAYS_EMBED_SWIFT_STANDARD_LIBRARIES = YES;
				CODE_SIGN_STYLE = Automatic;
				CURRENT_PROJECT_VERSION = 1;
				GENERATE_INFOPLIST_FILE = YES;
				MARKETING_VERSION = 1.0;
				PRODUCT_BUNDLE_IDENTIFIER = com.test.SentencesUITests;
				PRODUCT_NAME = "$(TARGET_NAME)";
				SWIFT_EMIT_LOC_STRINGS = NO;
				SWIFT_VERSION = 5.0;
				TEST_TARGET_NAME = Sentences;
			};
			name = Debug;
		};
		B5F1E6762B44BADB00DB5A64 /* Release */ = {
			isa = XCBuildConfiguration;
			buildSettings = {
				ALWAYS_EMBED_SWIFT_STANDARD_LIBRARIES = YES;
				CODE_SIGN_STYLE = Automatic;
				CURRENT_PROJECT_VERSION = 1;
				GENERATE_INFOPLIST_FILE = YES;
				MARKETING_VERSION = 1.0;
				PRODUCT_BUNDLE_IDENTIFIER = com.test.SentencesUITests;
				PRODUCT_NAME = "$(TARGET_NAME)";
				SWIFT_EMIT_LOC_STRINGS = NO;
				SWIFT_VERSION = 5.0;
				TEST_TARGET_NAME = Sentences;
			};
			name = Release;
		};
/* End XCBuildConfiguration section */

/* Begin XCConfigurationList section */
		B5F1E6442B44BAD800DB5A64 /* Build configuration list for PBXProject "Sentences" */ = {
			isa = XCConfigurationList;
			buildConfigurations = (
				B5F1E66C2B44BADB00DB5A64 /* Debug */,
				B5F1E66D2B44BADB00DB5A64 /* Release */,
			);
			defaultConfigurationIsVisible = 0;
			defaultConfigurationName = Release;
		};
		B5F1E66E2B44BADB00DB5A64 /* Build configuration list for PBXNativeTarget "Sentences" */ = {
			isa = XCConfigurationList;
			buildConfigurations = (
				B5F1E66F2B44BADB00DB5A64 /* Debug */,
				B5F1E6702B44BADB00DB5A64 /* Release */,
			);
			defaultConfigurationIsVisible = 0;
			defaultConfigurationName = Release;
		};
		B5F1E6712B44BADB00DB5A64 /* Build configuration list for PBXNativeTarget "SentencesTests" */ = {
			isa = XCConfigurationList;
			buildConfigurations = (
				B5F1E6722B44BADB00DB5A64 /* Debug */,
				B5F1E6732B44BADB00DB5A64 /* Release */,
			);
			defaultConfigurationIsVisible = 0;
			defaultConfigurationName = Release;
		};
		B5F1E6742B44BADB00DB5A64 /* Build configuration list for PBXNativeTarget "SentencesUITests" */ = {
			isa = XCConfigurationList;
			buildConfigurations = (
				B5F1E6752B44BADB00DB5A64 /* Debug */,
				B5F1E6762B44BADB00DB5A64 /* Release */,
			);
			defaultConfigurationIsVisible = 0;
			defaultConfigurationName = Release;
		};
/* End XCConfigurationList section */
	};
	rootObject = B5F1E6412B44BAD800DB5A64 /* Project object */;
}
